Microsoft Visual Studio Solution File, Format Version 12.00
# Visual Studio 2012
Project("{8BC9CEB8-8B4A-11D0-8D11-00A0C91BC942}") = "Splines", "src\C\Native\splines\Splines.vcxproj", "{DBAF2C53-3858-455D-A1AE-3FC093515314}"
EndProject
Project("{8BC9CEB8-8B4A-11D0-8D11-00A0C91BC942}") = "botlib", "src\C\Native\botlib\botlib.vcxproj", "{A410161F-AE9F-485D-A01F-5294891430A6}"
EndProject
Project("{8BC9CEB8-8B4A-11D0-8D11-00A0C91BC942}") = "cgame", "src\C\Native\cgame\cgame.vcxproj", "{C878E295-CB82-4B40-8ECF-5CE5525466FA}"
EndProject
Project("{8BC9CEB8-8B4A-11D0-8D11-00A0C91BC942}") = "game", "src\C\Native\game\game.vcxproj", "{F9EE10DA-2404-4154-B904-F93C936C040A}"
EndProject
Project("{8BC9CEB8-8B4A-11D0-8D11-00A0C91BC942}") = "quake3", "src\C\Native\quake3.vcxproj", "{81CB51C4-B434-4E12-B69B-BAEE102F2852}"
EndProject
Project("{8BC9CEB8-8B4A-11D0-8D11-00A0C91BC942}") = "renderer", "src\C\Native\renderer\renderer.vcxproj", "{AB424155-FBED-4D8D-B007-5B6CF93EA395}"
EndProject
Project("{8BC9CEB8-8B4A-11D0-8D11-00A0C91BC942}") = "ui", "src\C\Native\ui\ui.vcxproj", "{A8EAC38E-C7DA-42F8-811D-77FD092B9D19}"
EndProject
Project("{2150E333-8FDC-42A3-9474-1A3956D46DE8}") = "FSharp", "FSharp", "{5097A845-B12C-4756-9E4D-2F88CF388B1F}"
EndProject
Project("{2150E333-8FDC-42A3-9474-1A3956D46DE8}") = "C", "C", "{BC606103-6F31-457B-B890-2A0DBE3BBC17}"
EndProject
Project("{8BC9CEB8-8B4A-11D0-8D11-00A0C91BC942}") = "FQuake3", "src\C\FQuake3\FQuake3.vcxproj", "{E779B4A6-7F0A-4E78-BE2E-45A572D3A837}"
EndProject
Project("{2150E333-8FDC-42A3-9474-1A3956D46DE8}") = "Native", "Native", "{CE17BDA9-BBD1-428E-B5B6-6E68E97467C0}"
EndProject
Project("{8BC9CEB8-8B4A-11D0-8D11-00A0C91BC942}") = "q3_ui", "src\C\Native\q3_ui\q3_ui.vcxproj", "{D454C4C7-7765-4149-ABAD-05FDEB9D94F8}"
EndProject
Project("{8BC9CEB8-8B4A-11D0-8D11-00A0C91BC942}") = "m", "src\C\m\m.vcxproj", "{1D1BB368-AD1D-4500-A62D-3EFF121CEC23}"
EndProject
Project("{8BC9CEB8-8B4A-11D0-8D11-00A0C91BC942}") = "m_instance", "src\C\m_instance\m_instance.vcxproj", "{E0E9F4A2-4B85-4E91-8162-B8E1AF5122B2}"
EndProject
Project("{F2A71F9B-5D33-465A-A702-920D77279786}") = "Engine", "src\FSharp\Engine\Engine.fsproj", "{27C5B1D5-69D0-405D-804F-0656C73F5A90}"
EndProject
Global
	GlobalSection(SolutionConfigurationPlatforms) = preSolution
		Debug TA|Any CPU = Debug TA|Any CPU
		Debug TA|Mixed Platforms = Debug TA|Mixed Platforms
		Debug TA|Win32 = Debug TA|Win32
		Debug|Any CPU = Debug|Any CPU
		Debug|Mixed Platforms = Debug|Mixed Platforms
		Debug|Win32 = Debug|Win32
		Release TA|Any CPU = Release TA|Any CPU
		Release TA|Mixed Platforms = Release TA|Mixed Platforms
		Release TA|Win32 = Release TA|Win32
		Release|Any CPU = Release|Any CPU
		Release|Mixed Platforms = Release|Mixed Platforms
		Release|Win32 = Release|Win32
	EndGlobalSection
	GlobalSection(ProjectConfigurationPlatforms) = postSolution
		{DBAF2C53-3858-455D-A1AE-3FC093515314}.Debug TA|Any CPU.ActiveCfg = Debug|Win32
		{DBAF2C53-3858-455D-A1AE-3FC093515314}.Debug TA|Any CPU.Build.0 = Debug|Win32
		{DBAF2C53-3858-455D-A1AE-3FC093515314}.Debug TA|Mixed Platforms.ActiveCfg = Debug|Win32
		{DBAF2C53-3858-455D-A1AE-3FC093515314}.Debug TA|Mixed Platforms.Build.0 = Debug|Win32
		{DBAF2C53-3858-455D-A1AE-3FC093515314}.Debug TA|Win32.ActiveCfg = Debug|Win32
		{DBAF2C53-3858-455D-A1AE-3FC093515314}.Debug TA|Win32.Build.0 = Debug|Win32
		{DBAF2C53-3858-455D-A1AE-3FC093515314}.Debug|Any CPU.ActiveCfg = Debug|Win32
		{DBAF2C53-3858-455D-A1AE-3FC093515314}.Debug|Any CPU.Build.0 = Debug|Win32
		{DBAF2C53-3858-455D-A1AE-3FC093515314}.Debug|Mixed Platforms.ActiveCfg = Debug|Win32
		{DBAF2C53-3858-455D-A1AE-3FC093515314}.Debug|Mixed Platforms.Build.0 = Debug|Win32
		{DBAF2C53-3858-455D-A1AE-3FC093515314}.Debug|Win32.ActiveCfg = Debug|Win32
		{DBAF2C53-3858-455D-A1AE-3FC093515314}.Debug|Win32.Build.0 = Debug|Win32
		{DBAF2C53-3858-455D-A1AE-3FC093515314}.Release TA|Any CPU.ActiveCfg = Release|Win32
		{DBAF2C53-3858-455D-A1AE-3FC093515314}.Release TA|Any CPU.Build.0 = Release|Win32
		{DBAF2C53-3858-455D-A1AE-3FC093515314}.Release TA|Mixed Platforms.ActiveCfg = Release|Win32
		{DBAF2C53-3858-455D-A1AE-3FC093515314}.Release TA|Mixed Platforms.Build.0 = Release|Win32
		{DBAF2C53-3858-455D-A1AE-3FC093515314}.Release TA|Win32.ActiveCfg = Release|Win32
		{DBAF2C53-3858-455D-A1AE-3FC093515314}.Release TA|Win32.Build.0 = Release|Win32
		{DBAF2C53-3858-455D-A1AE-3FC093515314}.Release|Any CPU.ActiveCfg = Release|Win32
		{DBAF2C53-3858-455D-A1AE-3FC093515314}.Release|Any CPU.Build.0 = Release|Win32
		{DBAF2C53-3858-455D-A1AE-3FC093515314}.Release|Mixed Platforms.ActiveCfg = Release|Win32
		{DBAF2C53-3858-455D-A1AE-3FC093515314}.Release|Mixed Platforms.Build.0 = Release|Win32
		{DBAF2C53-3858-455D-A1AE-3FC093515314}.Release|Win32.ActiveCfg = Release|Win32
		{DBAF2C53-3858-455D-A1AE-3FC093515314}.Release|Win32.Build.0 = Release|Win32
		{A410161F-AE9F-485D-A01F-5294891430A6}.Debug TA|Any CPU.ActiveCfg = Debug TA|Win32
		{A410161F-AE9F-485D-A01F-5294891430A6}.Debug TA|Any CPU.Build.0 = Debug TA|Win32
		{A410161F-AE9F-485D-A01F-5294891430A6}.Debug TA|Mixed Platforms.ActiveCfg = Debug TA|Win32
		{A410161F-AE9F-485D-A01F-5294891430A6}.Debug TA|Mixed Platforms.Build.0 = Debug TA|Win32
		{A410161F-AE9F-485D-A01F-5294891430A6}.Debug TA|Win32.ActiveCfg = Debug TA|Win32
		{A410161F-AE9F-485D-A01F-5294891430A6}.Debug TA|Win32.Build.0 = Debug TA|Win32
		{A410161F-AE9F-485D-A01F-5294891430A6}.Debug|Any CPU.ActiveCfg = Debug|Win32
		{A410161F-AE9F-485D-A01F-5294891430A6}.Debug|Any CPU.Build.0 = Debug|Win32
		{A410161F-AE9F-485D-A01F-5294891430A6}.Debug|Mixed Platforms.ActiveCfg = Debug|Win32
		{A410161F-AE9F-485D-A01F-5294891430A6}.Debug|Mixed Platforms.Build.0 = Debug|Win32
		{A410161F-AE9F-485D-A01F-5294891430A6}.Debug|Win32.ActiveCfg = Debug|Win32
		{A410161F-AE9F-485D-A01F-5294891430A6}.Debug|Win32.Build.0 = Debug|Win32
		{A410161F-AE9F-485D-A01F-5294891430A6}.Release TA|Any CPU.ActiveCfg = Release TA|Win32
		{A410161F-AE9F-485D-A01F-5294891430A6}.Release TA|Any CPU.Build.0 = Release TA|Win32
		{A410161F-AE9F-485D-A01F-5294891430A6}.Release TA|Mixed Platforms.ActiveCfg = Release TA|Win32
		{A410161F-AE9F-485D-A01F-5294891430A6}.Release TA|Mixed Platforms.Build.0 = Release TA|Win32
		{A410161F-AE9F-485D-A01F-5294891430A6}.Release TA|Win32.ActiveCfg = Release TA|Win32
		{A410161F-AE9F-485D-A01F-5294891430A6}.Release TA|Win32.Build.0 = Release TA|Win32
		{A410161F-AE9F-485D-A01F-5294891430A6}.Release|Any CPU.ActiveCfg = Release|Win32
		{A410161F-AE9F-485D-A01F-5294891430A6}.Release|Any CPU.Build.0 = Release|Win32
		{A410161F-AE9F-485D-A01F-5294891430A6}.Release|Mixed Platforms.ActiveCfg = Release|Win32
		{A410161F-AE9F-485D-A01F-5294891430A6}.Release|Mixed Platforms.Build.0 = Release|Win32
		{A410161F-AE9F-485D-A01F-5294891430A6}.Release|Win32.ActiveCfg = Release|Win32
		{A410161F-AE9F-485D-A01F-5294891430A6}.Release|Win32.Build.0 = Release|Win32
		{C878E295-CB82-4B40-8ECF-5CE5525466FA}.Debug TA|Any CPU.ActiveCfg = Debug TA|Win32
		{C878E295-CB82-4B40-8ECF-5CE5525466FA}.Debug TA|Any CPU.Build.0 = Debug TA|Win32
		{C878E295-CB82-4B40-8ECF-5CE5525466FA}.Debug TA|Mixed Platforms.ActiveCfg = Debug TA|Win32
		{C878E295-CB82-4B40-8ECF-5CE5525466FA}.Debug TA|Mixed Platforms.Build.0 = Debug TA|Win32
		{C878E295-CB82-4B40-8ECF-5CE5525466FA}.Debug TA|Win32.ActiveCfg = Debug TA|Win32
		{C878E295-CB82-4B40-8ECF-5CE5525466FA}.Debug TA|Win32.Build.0 = Debug TA|Win32
		{C878E295-CB82-4B40-8ECF-5CE5525466FA}.Debug|Any CPU.ActiveCfg = Debug|Win32
		{C878E295-CB82-4B40-8ECF-5CE5525466FA}.Debug|Any CPU.Build.0 = Debug|Win32
		{C878E295-CB82-4B40-8ECF-5CE5525466FA}.Debug|Mixed Platforms.ActiveCfg = Debug|Win32
		{C878E295-CB82-4B40-8ECF-5CE5525466FA}.Debug|Mixed Platforms.Build.0 = Debug|Win32
		{C878E295-CB82-4B40-8ECF-5CE5525466FA}.Debug|Win32.ActiveCfg = Debug|Win32
		{C878E295-CB82-4B40-8ECF-5CE5525466FA}.Debug|Win32.Build.0 = Debug|Win32
		{C878E295-CB82-4B40-8ECF-5CE5525466FA}.Release TA|Any CPU.ActiveCfg = Release TA|Win32
		{C878E295-CB82-4B40-8ECF-5CE5525466FA}.Release TA|Any CPU.Build.0 = Release TA|Win32
		{C878E295-CB82-4B40-8ECF-5CE5525466FA}.Release TA|Mixed Platforms.ActiveCfg = Release TA|Win32
		{C878E295-CB82-4B40-8ECF-5CE5525466FA}.Release TA|Mixed Platforms.Build.0 = Release TA|Win32
		{C878E295-CB82-4B40-8ECF-5CE5525466FA}.Release TA|Win32.ActiveCfg = Release TA|Win32
		{C878E295-CB82-4B40-8ECF-5CE5525466FA}.Release TA|Win32.Build.0 = Release TA|Win32
		{C878E295-CB82-4B40-8ECF-5CE5525466FA}.Release|Any CPU.ActiveCfg = Release|Win32
		{C878E295-CB82-4B40-8ECF-5CE5525466FA}.Release|Any CPU.Build.0 = Release|Win32
		{C878E295-CB82-4B40-8ECF-5CE5525466FA}.Release|Mixed Platforms.ActiveCfg = Release|Win32
		{C878E295-CB82-4B40-8ECF-5CE5525466FA}.Release|Mixed Platforms.Build.0 = Release|Win32
		{C878E295-CB82-4B40-8ECF-5CE5525466FA}.Release|Win32.ActiveCfg = Release|Win32
		{C878E295-CB82-4B40-8ECF-5CE5525466FA}.Release|Win32.Build.0 = Release|Win32
		{F9EE10DA-2404-4154-B904-F93C936C040A}.Debug TA|Any CPU.ActiveCfg = Debug TA|Win32
		{F9EE10DA-2404-4154-B904-F93C936C040A}.Debug TA|Any CPU.Build.0 = Debug TA|Win32
		{F9EE10DA-2404-4154-B904-F93C936C040A}.Debug TA|Mixed Platforms.ActiveCfg = Debug TA|Win32
		{F9EE10DA-2404-4154-B904-F93C936C040A}.Debug TA|Mixed Platforms.Build.0 = Debug TA|Win32
		{F9EE10DA-2404-4154-B904-F93C936C040A}.Debug TA|Win32.ActiveCfg = Debug TA|Win32
		{F9EE10DA-2404-4154-B904-F93C936C040A}.Debug TA|Win32.Build.0 = Debug TA|Win32
		{F9EE10DA-2404-4154-B904-F93C936C040A}.Debug|Any CPU.ActiveCfg = Debug|Win32
		{F9EE10DA-2404-4154-B904-F93C936C040A}.Debug|Any CPU.Build.0 = Debug|Win32
		{F9EE10DA-2404-4154-B904-F93C936C040A}.Debug|Mixed Platforms.ActiveCfg = Debug|Win32
		{F9EE10DA-2404-4154-B904-F93C936C040A}.Debug|Mixed Platforms.Build.0 = Debug|Win32
		{F9EE10DA-2404-4154-B904-F93C936C040A}.Debug|Win32.ActiveCfg = Debug|Win32
		{F9EE10DA-2404-4154-B904-F93C936C040A}.Debug|Win32.Build.0 = Debug|Win32
		{F9EE10DA-2404-4154-B904-F93C936C040A}.Release TA|Any CPU.ActiveCfg = Release TA|Win32
		{F9EE10DA-2404-4154-B904-F93C936C040A}.Release TA|Any CPU.Build.0 = Release TA|Win32
		{F9EE10DA-2404-4154-B904-F93C936C040A}.Release TA|Mixed Platforms.ActiveCfg = Release TA|Win32
		{F9EE10DA-2404-4154-B904-F93C936C040A}.Release TA|Mixed Platforms.Build.0 = Release TA|Win32
		{F9EE10DA-2404-4154-B904-F93C936C040A}.Release TA|Win32.ActiveCfg = Release TA|Win32
		{F9EE10DA-2404-4154-B904-F93C936C040A}.Release TA|Win32.Build.0 = Release TA|Win32
		{F9EE10DA-2404-4154-B904-F93C936C040A}.Release|Any CPU.ActiveCfg = Release|Win32
		{F9EE10DA-2404-4154-B904-F93C936C040A}.Release|Any CPU.Build.0 = Release|Win32
		{F9EE10DA-2404-4154-B904-F93C936C040A}.Release|Mixed Platforms.ActiveCfg = Release|Win32
		{F9EE10DA-2404-4154-B904-F93C936C040A}.Release|Mixed Platforms.Build.0 = Release|Win32
		{F9EE10DA-2404-4154-B904-F93C936C040A}.Release|Win32.ActiveCfg = Release|Win32
		{F9EE10DA-2404-4154-B904-F93C936C040A}.Release|Win32.Build.0 = Release|Win32
		{81CB51C4-B434-4E12-B69B-BAEE102F2852}.Debug TA|Any CPU.ActiveCfg = Debug TA|Win32
		{81CB51C4-B434-4E12-B69B-BAEE102F2852}.Debug TA|Any CPU.Build.0 = Debug TA|Win32
		{81CB51C4-B434-4E12-B69B-BAEE102F2852}.Debug TA|Mixed Platforms.ActiveCfg = Debug TA|Win32
		{81CB51C4-B434-4E12-B69B-BAEE102F2852}.Debug TA|Mixed Platforms.Build.0 = Debug TA|Win32
		{81CB51C4-B434-4E12-B69B-BAEE102F2852}.Debug TA|Win32.ActiveCfg = Debug TA|Win32
		{81CB51C4-B434-4E12-B69B-BAEE102F2852}.Debug TA|Win32.Build.0 = Debug TA|Win32
		{81CB51C4-B434-4E12-B69B-BAEE102F2852}.Debug|Any CPU.ActiveCfg = Debug|Win32
		{81CB51C4-B434-4E12-B69B-BAEE102F2852}.Debug|Any CPU.Build.0 = Debug|Win32
		{81CB51C4-B434-4E12-B69B-BAEE102F2852}.Debug|Mixed Platforms.ActiveCfg = Debug|Win32
		{81CB51C4-B434-4E12-B69B-BAEE102F2852}.Debug|Mixed Platforms.Build.0 = Debug|Win32
		{81CB51C4-B434-4E12-B69B-BAEE102F2852}.Debug|Win32.ActiveCfg = Debug|Win32
		{81CB51C4-B434-4E12-B69B-BAEE102F2852}.Debug|Win32.Build.0 = Debug|Win32
		{81CB51C4-B434-4E12-B69B-BAEE102F2852}.Release TA|Any CPU.ActiveCfg = Release TA|Win32
		{81CB51C4-B434-4E12-B69B-BAEE102F2852}.Release TA|Any CPU.Build.0 = Release TA|Win32
		{81CB51C4-B434-4E12-B69B-BAEE102F2852}.Release TA|Mixed Platforms.ActiveCfg = Release TA|Win32
		{81CB51C4-B434-4E12-B69B-BAEE102F2852}.Release TA|Mixed Platforms.Build.0 = Release TA|Win32
		{81CB51C4-B434-4E12-B69B-BAEE102F2852}.Release TA|Win32.ActiveCfg = Release TA|Win32
		{81CB51C4-B434-4E12-B69B-BAEE102F2852}.Release TA|Win32.Build.0 = Release TA|Win32
		{81CB51C4-B434-4E12-B69B-BAEE102F2852}.Release|Any CPU.ActiveCfg = Release|Win32
		{81CB51C4-B434-4E12-B69B-BAEE102F2852}.Release|Any CPU.Build.0 = Release|Win32
		{81CB51C4-B434-4E12-B69B-BAEE102F2852}.Release|Mixed Platforms.ActiveCfg = Release|Win32
		{81CB51C4-B434-4E12-B69B-BAEE102F2852}.Release|Mixed Platforms.Build.0 = Release|Win32
		{81CB51C4-B434-4E12-B69B-BAEE102F2852}.Release|Win32.ActiveCfg = Release|Win32
		{81CB51C4-B434-4E12-B69B-BAEE102F2852}.Release|Win32.Build.0 = Release|Win32
		{AB424155-FBED-4D8D-B007-5B6CF93EA395}.Debug TA|Any CPU.ActiveCfg = Debug TA|Win32
		{AB424155-FBED-4D8D-B007-5B6CF93EA395}.Debug TA|Any CPU.Build.0 = Debug TA|Win32
		{AB424155-FBED-4D8D-B007-5B6CF93EA395}.Debug TA|Mixed Platforms.ActiveCfg = Debug TA|Win32
		{AB424155-FBED-4D8D-B007-5B6CF93EA395}.Debug TA|Mixed Platforms.Build.0 = Debug TA|Win32
		{AB424155-FBED-4D8D-B007-5B6CF93EA395}.Debug TA|Win32.ActiveCfg = Debug TA|Win32
		{AB424155-FBED-4D8D-B007-5B6CF93EA395}.Debug TA|Win32.Build.0 = Debug TA|Win32
		{AB424155-FBED-4D8D-B007-5B6CF93EA395}.Debug|Any CPU.ActiveCfg = Debug|Win32
		{AB424155-FBED-4D8D-B007-5B6CF93EA395}.Debug|Any CPU.Build.0 = Debug|Win32
		{AB424155-FBED-4D8D-B007-5B6CF93EA395}.Debug|Mixed Platforms.ActiveCfg = Debug|Win32
		{AB424155-FBED-4D8D-B007-5B6CF93EA395}.Debug|Mixed Platforms.Build.0 = Debug|Win32
		{AB424155-FBED-4D8D-B007-5B6CF93EA395}.Debug|Win32.ActiveCfg = Debug|Win32
		{AB424155-FBED-4D8D-B007-5B6CF93EA395}.Debug|Win32.Build.0 = Debug|Win32
		{AB424155-FBED-4D8D-B007-5B6CF93EA395}.Release TA|Any CPU.ActiveCfg = Release TA|Win32
		{AB424155-FBED-4D8D-B007-5B6CF93EA395}.Release TA|Any CPU.Build.0 = Release TA|Win32
		{AB424155-FBED-4D8D-B007-5B6CF93EA395}.Release TA|Mixed Platforms.ActiveCfg = Release TA|Win32
		{AB424155-FBED-4D8D-B007-5B6CF93EA395}.Release TA|Mixed Platforms.Build.0 = Release TA|Win32
		{AB424155-FBED-4D8D-B007-5B6CF93EA395}.Release TA|Win32.ActiveCfg = Release TA|Win32
		{AB424155-FBED-4D8D-B007-5B6CF93EA395}.Release TA|Win32.Build.0 = Release TA|Win32
		{AB424155-FBED-4D8D-B007-5B6CF93EA395}.Release|Any CPU.ActiveCfg = Release|Win32
		{AB424155-FBED-4D8D-B007-5B6CF93EA395}.Release|Any CPU.Build.0 = Release|Win32
		{AB424155-FBED-4D8D-B007-5B6CF93EA395}.Release|Mixed Platforms.ActiveCfg = Release|Win32
		{AB424155-FBED-4D8D-B007-5B6CF93EA395}.Release|Mixed Platforms.Build.0 = Release|Win32
		{AB424155-FBED-4D8D-B007-5B6CF93EA395}.Release|Win32.ActiveCfg = Release|Win32
		{AB424155-FBED-4D8D-B007-5B6CF93EA395}.Release|Win32.Build.0 = Release|Win32
		{A8EAC38E-C7DA-42F8-811D-77FD092B9D19}.Debug TA|Any CPU.ActiveCfg = Debug TA|Win32
		{A8EAC38E-C7DA-42F8-811D-77FD092B9D19}.Debug TA|Any CPU.Build.0 = Debug TA|Win32
		{A8EAC38E-C7DA-42F8-811D-77FD092B9D19}.Debug TA|Mixed Platforms.ActiveCfg = Debug TA|Win32
		{A8EAC38E-C7DA-42F8-811D-77FD092B9D19}.Debug TA|Mixed Platforms.Build.0 = Debug TA|Win32
		{A8EAC38E-C7DA-42F8-811D-77FD092B9D19}.Debug TA|Win32.ActiveCfg = Debug TA|Win32
		{A8EAC38E-C7DA-42F8-811D-77FD092B9D19}.Debug TA|Win32.Build.0 = Debug TA|Win32
		{A8EAC38E-C7DA-42F8-811D-77FD092B9D19}.Debug|Any CPU.ActiveCfg = Debug|Win32
		{A8EAC38E-C7DA-42F8-811D-77FD092B9D19}.Debug|Mixed Platforms.ActiveCfg = Debug|Win32
		{A8EAC38E-C7DA-42F8-811D-77FD092B9D19}.Debug|Mixed Platforms.Build.0 = Debug|Win32
		{A8EAC38E-C7DA-42F8-811D-77FD092B9D19}.Debug|Win32.ActiveCfg = Debug|Win32
		{A8EAC38E-C7DA-42F8-811D-77FD092B9D19}.Release TA|Any CPU.ActiveCfg = Release TA|Win32
		{A8EAC38E-C7DA-42F8-811D-77FD092B9D19}.Release TA|Any CPU.Build.0 = Release TA|Win32
		{A8EAC38E-C7DA-42F8-811D-77FD092B9D19}.Release TA|Mixed Platforms.ActiveCfg = Release TA|Win32
		{A8EAC38E-C7DA-42F8-811D-77FD092B9D19}.Release TA|Mixed Platforms.Build.0 = Release TA|Win32
		{A8EAC38E-C7DA-42F8-811D-77FD092B9D19}.Release TA|Win32.ActiveCfg = Release TA|Win32
		{A8EAC38E-C7DA-42F8-811D-77FD092B9D19}.Release TA|Win32.Build.0 = Release TA|Win32
		{A8EAC38E-C7DA-42F8-811D-77FD092B9D19}.Release|Any CPU.ActiveCfg = Release|Win32
		{A8EAC38E-C7DA-42F8-811D-77FD092B9D19}.Release|Mixed Platforms.ActiveCfg = Release|Win32
		{A8EAC38E-C7DA-42F8-811D-77FD092B9D19}.Release|Mixed Platforms.Build.0 = Release|Win32
		{A8EAC38E-C7DA-42F8-811D-77FD092B9D19}.Release|Win32.ActiveCfg = Release|Win32
		{E779B4A6-7F0A-4E78-BE2E-45A572D3A837}.Debug TA|Any CPU.ActiveCfg = Debug|Win32
		{E779B4A6-7F0A-4E78-BE2E-45A572D3A837}.Debug TA|Any CPU.Build.0 = Debug|Win32
		{E779B4A6-7F0A-4E78-BE2E-45A572D3A837}.Debug TA|Mixed Platforms.ActiveCfg = Debug|Win32
		{E779B4A6-7F0A-4E78-BE2E-45A572D3A837}.Debug TA|Mixed Platforms.Build.0 = Debug|Win32
		{E779B4A6-7F0A-4E78-BE2E-45A572D3A837}.Debug TA|Win32.ActiveCfg = Debug|Win32
		{E779B4A6-7F0A-4E78-BE2E-45A572D3A837}.Debug TA|Win32.Build.0 = Debug|Win32
		{E779B4A6-7F0A-4E78-BE2E-45A572D3A837}.Debug|Any CPU.ActiveCfg = Debug|Win32
		{E779B4A6-7F0A-4E78-BE2E-45A572D3A837}.Debug|Any CPU.Build.0 = Debug|Win32
		{E779B4A6-7F0A-4E78-BE2E-45A572D3A837}.Debug|Mixed Platforms.ActiveCfg = Debug|Win32
		{E779B4A6-7F0A-4E78-BE2E-45A572D3A837}.Debug|Mixed Platforms.Build.0 = Debug|Win32
		{E779B4A6-7F0A-4E78-BE2E-45A572D3A837}.Debug|Win32.ActiveCfg = Debug|Win32
		{E779B4A6-7F0A-4E78-BE2E-45A572D3A837}.Debug|Win32.Build.0 = Debug|Win32
		{E779B4A6-7F0A-4E78-BE2E-45A572D3A837}.Release TA|Any CPU.ActiveCfg = Release|Win32
		{E779B4A6-7F0A-4E78-BE2E-45A572D3A837}.Release TA|Any CPU.Build.0 = Release|Win32
		{E779B4A6-7F0A-4E78-BE2E-45A572D3A837}.Release TA|Mixed Platforms.ActiveCfg = Release|Win32
		{E779B4A6-7F0A-4E78-BE2E-45A572D3A837}.Release TA|Mixed Platforms.Build.0 = Release|Win32
		{E779B4A6-7F0A-4E78-BE2E-45A572D3A837}.Release TA|Win32.ActiveCfg = Release|Win32
		{E779B4A6-7F0A-4E78-BE2E-45A572D3A837}.Release TA|Win32.Build.0 = Release|Win32
		{E779B4A6-7F0A-4E78-BE2E-45A572D3A837}.Release|Any CPU.ActiveCfg = Release|Win32
		{E779B4A6-7F0A-4E78-BE2E-45A572D3A837}.Release|Any CPU.Build.0 = Release|Win32
		{E779B4A6-7F0A-4E78-BE2E-45A572D3A837}.Release|Mixed Platforms.ActiveCfg = Release|Win32
		{E779B4A6-7F0A-4E78-BE2E-45A572D3A837}.Release|Mixed Platforms.Build.0 = Release|Win32
		{E779B4A6-7F0A-4E78-BE2E-45A572D3A837}.Release|Win32.ActiveCfg = Release|Win32
		{E779B4A6-7F0A-4E78-BE2E-45A572D3A837}.Release|Win32.Build.0 = Release|Win32
		{D454C4C7-7765-4149-ABAD-05FDEB9D94F8}.Debug TA|Any CPU.ActiveCfg = Debug TA|Win32
		{D454C4C7-7765-4149-ABAD-05FDEB9D94F8}.Debug TA|Mixed Platforms.ActiveCfg = Debug TA|Win32
		{D454C4C7-7765-4149-ABAD-05FDEB9D94F8}.Debug TA|Mixed Platforms.Build.0 = Debug TA|Win32
		{D454C4C7-7765-4149-ABAD-05FDEB9D94F8}.Debug TA|Win32.ActiveCfg = Debug TA|Win32
		{D454C4C7-7765-4149-ABAD-05FDEB9D94F8}.Debug TA|Win32.Build.0 = Debug TA|Win32
		{D454C4C7-7765-4149-ABAD-05FDEB9D94F8}.Debug|Any CPU.ActiveCfg = Debug|Win32
		{D454C4C7-7765-4149-ABAD-05FDEB9D94F8}.Debug|Any CPU.Build.0 = Debug|Win32
		{D454C4C7-7765-4149-ABAD-05FDEB9D94F8}.Debug|Mixed Platforms.ActiveCfg = Debug|Win32
		{D454C4C7-7765-4149-ABAD-05FDEB9D94F8}.Debug|Mixed Platforms.Build.0 = Debug|Win32
		{D454C4C7-7765-4149-ABAD-05FDEB9D94F8}.Debug|Win32.ActiveCfg = Debug|Win32
		{D454C4C7-7765-4149-ABAD-05FDEB9D94F8}.Debug|Win32.Build.0 = Debug|Win32
		{D454C4C7-7765-4149-ABAD-05FDEB9D94F8}.Release TA|Any CPU.ActiveCfg = Release TA|Win32
		{D454C4C7-7765-4149-ABAD-05FDEB9D94F8}.Release TA|Mixed Platforms.ActiveCfg = Release TA|Win32
		{D454C4C7-7765-4149-ABAD-05FDEB9D94F8}.Release TA|Mixed Platforms.Build.0 = Release TA|Win32
		{D454C4C7-7765-4149-ABAD-05FDEB9D94F8}.Release TA|Win32.ActiveCfg = Release TA|Win32
		{D454C4C7-7765-4149-ABAD-05FDEB9D94F8}.Release TA|Win32.Build.0 = Release TA|Win32
		{D454C4C7-7765-4149-ABAD-05FDEB9D94F8}.Release|Any CPU.ActiveCfg = Release|Win32
		{D454C4C7-7765-4149-ABAD-05FDEB9D94F8}.Release|Any CPU.Build.0 = Release|Win32
		{D454C4C7-7765-4149-ABAD-05FDEB9D94F8}.Release|Mixed Platforms.ActiveCfg = Release|Win32
		{D454C4C7-7765-4149-ABAD-05FDEB9D94F8}.Release|Mixed Platforms.Build.0 = Release|Win32
		{D454C4C7-7765-4149-ABAD-05FDEB9D94F8}.Release|Win32.ActiveCfg = Release|Win32
		{D454C4C7-7765-4149-ABAD-05FDEB9D94F8}.Release|Win32.Build.0 = Release|Win32
		{1D1BB368-AD1D-4500-A62D-3EFF121CEC23}.Debug TA|Any CPU.ActiveCfg = Debug|Win32
		{1D1BB368-AD1D-4500-A62D-3EFF121CEC23}.Debug TA|Any CPU.Build.0 = Debug|Win32
		{1D1BB368-AD1D-4500-A62D-3EFF121CEC23}.Debug TA|Mixed Platforms.ActiveCfg = Debug|Win32
		{1D1BB368-AD1D-4500-A62D-3EFF121CEC23}.Debug TA|Mixed Platforms.Build.0 = Debug|Win32
		{1D1BB368-AD1D-4500-A62D-3EFF121CEC23}.Debug TA|Win32.ActiveCfg = Debug|Win32
		{1D1BB368-AD1D-4500-A62D-3EFF121CEC23}.Debug TA|Win32.Build.0 = Debug|Win32
		{1D1BB368-AD1D-4500-A62D-3EFF121CEC23}.Debug|Any CPU.ActiveCfg = Debug|Win32
		{1D1BB368-AD1D-4500-A62D-3EFF121CEC23}.Debug|Any CPU.Build.0 = Debug|Win32
		{1D1BB368-AD1D-4500-A62D-3EFF121CEC23}.Debug|Mixed Platforms.ActiveCfg = Debug|Win32
		{1D1BB368-AD1D-4500-A62D-3EFF121CEC23}.Debug|Mixed Platforms.Build.0 = Debug|Win32
		{1D1BB368-AD1D-4500-A62D-3EFF121CEC23}.Debug|Win32.ActiveCfg = Debug|Win32
		{1D1BB368-AD1D-4500-A62D-3EFF121CEC23}.Debug|Win32.Build.0 = Debug|Win32
		{1D1BB368-AD1D-4500-A62D-3EFF121CEC23}.Release TA|Any CPU.ActiveCfg = Release|Win32
		{1D1BB368-AD1D-4500-A62D-3EFF121CEC23}.Release TA|Any CPU.Build.0 = Release|Win32
		{1D1BB368-AD1D-4500-A62D-3EFF121CEC23}.Release TA|Mixed Platforms.ActiveCfg = Release|Win32
		{1D1BB368-AD1D-4500-A62D-3EFF121CEC23}.Release TA|Mixed Platforms.Build.0 = Release|Win32
		{1D1BB368-AD1D-4500-A62D-3EFF121CEC23}.Release TA|Win32.ActiveCfg = Release|Win32
		{1D1BB368-AD1D-4500-A62D-3EFF121CEC23}.Release TA|Win32.Build.0 = Release|Win32
		{1D1BB368-AD1D-4500-A62D-3EFF121CEC23}.Release|Any CPU.ActiveCfg = Release|Win32
		{1D1BB368-AD1D-4500-A62D-3EFF121CEC23}.Release|Any CPU.Build.0 = Release|Win32
		{1D1BB368-AD1D-4500-A62D-3EFF121CEC23}.Release|Mixed Platforms.ActiveCfg = Release|Win32
		{1D1BB368-AD1D-4500-A62D-3EFF121CEC23}.Release|Mixed Platforms.Build.0 = Release|Win32
		{1D1BB368-AD1D-4500-A62D-3EFF121CEC23}.Release|Win32.ActiveCfg = Release|Win32
		{1D1BB368-AD1D-4500-A62D-3EFF121CEC23}.Release|Win32.Build.0 = Release|Win32
		{E0E9F4A2-4B85-4E91-8162-B8E1AF5122B2}.Debug TA|Any CPU.ActiveCfg = Debug|Win32
		{E0E9F4A2-4B85-4E91-8162-B8E1AF5122B2}.Debug TA|Any CPU.Build.0 = Debug|Win32
		{E0E9F4A2-4B85-4E91-8162-B8E1AF5122B2}.Debug TA|Mixed Platforms.ActiveCfg = Debug|Win32
		{E0E9F4A2-4B85-4E91-8162-B8E1AF5122B2}.Debug TA|Mixed Platforms.Build.0 = Debug|Win32
		{E0E9F4A2-4B85-4E91-8162-B8E1AF5122B2}.Debug TA|Win32.ActiveCfg = Debug|Win32
		{E0E9F4A2-4B85-4E91-8162-B8E1AF5122B2}.Debug TA|Win32.Build.0 = Debug|Win32
		{E0E9F4A2-4B85-4E91-8162-B8E1AF5122B2}.Debug|Any CPU.ActiveCfg = Debug|Win32
		{E0E9F4A2-4B85-4E91-8162-B8E1AF5122B2}.Debug|Any CPU.Build.0 = Debug|Win32
		{E0E9F4A2-4B85-4E91-8162-B8E1AF5122B2}.Debug|Mixed Platforms.ActiveCfg = Debug|Win32
		{E0E9F4A2-4B85-4E91-8162-B8E1AF5122B2}.Debug|Mixed Platforms.Build.0 = Debug|Win32
		{E0E9F4A2-4B85-4E91-8162-B8E1AF5122B2}.Debug|Win32.ActiveCfg = Debug|Win32
		{E0E9F4A2-4B85-4E91-8162-B8E1AF5122B2}.Debug|Win32.Build.0 = Debug|Win32
		{E0E9F4A2-4B85-4E91-8162-B8E1AF5122B2}.Release TA|Any CPU.ActiveCfg = Release|Win32
		{E0E9F4A2-4B85-4E91-8162-B8E1AF5122B2}.Release TA|Any CPU.Build.0 = Release|Win32
		{E0E9F4A2-4B85-4E91-8162-B8E1AF5122B2}.Release TA|Mixed Platforms.ActiveCfg = Release|Win32
		{E0E9F4A2-4B85-4E91-8162-B8E1AF5122B2}.Release TA|Mixed Platforms.Build.0 = Release|Win32
		{E0E9F4A2-4B85-4E91-8162-B8E1AF5122B2}.Release TA|Win32.ActiveCfg = Release|Win32
		{E0E9F4A2-4B85-4E91-8162-B8E1AF5122B2}.Release TA|Win32.Build.0 = Release|Win32
		{E0E9F4A2-4B85-4E91-8162-B8E1AF5122B2}.Release|Any CPU.ActiveCfg = Release|Win32
		{E0E9F4A2-4B85-4E91-8162-B8E1AF5122B2}.Release|Any CPU.Build.0 = Release|Win32
		{E0E9F4A2-4B85-4E91-8162-B8E1AF5122B2}.Release|Mixed Platforms.ActiveCfg = Release|Win32
		{E0E9F4A2-4B85-4E91-8162-B8E1AF5122B2}.Release|Mixed Platforms.Build.0 = Release|Win32
		{E0E9F4A2-4B85-4E91-8162-B8E1AF5122B2}.Release|Win32.ActiveCfg = Release|Win32
		{E0E9F4A2-4B85-4E91-8162-B8E1AF5122B2}.Release|Win32.Build.0 = Release|Win32
		{27C5B1D5-69D0-405D-804F-0656C73F5A90}.Debug TA|Any CPU.ActiveCfg = Debug|Any CPU
		{27C5B1D5-69D0-405D-804F-0656C73F5A90}.Debug TA|Any CPU.Build.0 = Debug|Any CPU
		{27C5B1D5-69D0-405D-804F-0656C73F5A90}.Debug TA|Mixed Platforms.ActiveCfg = Debug|Any CPU
		{27C5B1D5-69D0-405D-804F-0656C73F5A90}.Debug TA|Mixed Platforms.Build.0 = Debug|Any CPU
		{27C5B1D5-69D0-405D-804F-0656C73F5A90}.Debug TA|Win32.ActiveCfg = Debug|Any CPU
		{27C5B1D5-69D0-405D-804F-0656C73F5A90}.Debug|Any CPU.ActiveCfg = Debug|Any CPU
		{27C5B1D5-69D0-405D-804F-0656C73F5A90}.Debug|Any CPU.Build.0 = Debug|Any CPU
		{27C5B1D5-69D0-405D-804F-0656C73F5A90}.Debug|Mixed Platforms.ActiveCfg = Debug|Any CPU
		{27C5B1D5-69D0-405D-804F-0656C73F5A90}.Debug|Mixed Platforms.Build.0 = Debug|Any CPU
		{27C5B1D5-69D0-405D-804F-0656C73F5A90}.Debug|Win32.ActiveCfg = Debug|Any CPU
		{27C5B1D5-69D0-405D-804F-0656C73F5A90}.Release TA|Any CPU.ActiveCfg = Release|Any CPU
		{27C5B1D5-69D0-405D-804F-0656C73F5A90}.Release TA|Any CPU.Build.0 = Release|Any CPU
		{27C5B1D5-69D0-405D-804F-0656C73F5A90}.Release TA|Mixed Platforms.ActiveCfg = Release|Any CPU
		{27C5B1D5-69D0-405D-804F-0656C73F5A90}.Release TA|Mixed Platforms.Build.0 = Release|Any CPU
		{27C5B1D5-69D0-405D-804F-0656C73F5A90}.Release TA|Win32.ActiveCfg = Release|Any CPU
		{27C5B1D5-69D0-405D-804F-0656C73F5A90}.Release|Any CPU.ActiveCfg = Release|Any CPU
		{27C5B1D5-69D0-405D-804F-0656C73F5A90}.Release|Any CPU.Build.0 = Release|Any CPU
		{27C5B1D5-69D0-405D-804F-0656C73F5A90}.Release|Mixed Platforms.ActiveCfg = Release|Any CPU
		{27C5B1D5-69D0-405D-804F-0656C73F5A90}.Release|Mixed Platforms.Build.0 = Release|Any CPU
		{27C5B1D5-69D0-405D-804F-0656C73F5A90}.Release|Win32.ActiveCfg = Release|Any CPU
	EndGlobalSection
	GlobalSection(SolutionProperties) = preSolution
		HideSolutionNode = FALSE
	EndGlobalSection
	GlobalSection(NestedProjects) = preSolution
		{CE17BDA9-BBD1-428E-B5B6-6E68E97467C0} = {BC606103-6F31-457B-B890-2A0DBE3BBC17}
		{E779B4A6-7F0A-4E78-BE2E-45A572D3A837} = {BC606103-6F31-457B-B890-2A0DBE3BBC17}
		{1D1BB368-AD1D-4500-A62D-3EFF121CEC23} = {BC606103-6F31-457B-B890-2A0DBE3BBC17}
		{E0E9F4A2-4B85-4E91-8162-B8E1AF5122B2} = {BC606103-6F31-457B-B890-2A0DBE3BBC17}
		{C878E295-CB82-4B40-8ECF-5CE5525466FA} = {CE17BDA9-BBD1-428E-B5B6-6E68E97467C0}
		{F9EE10DA-2404-4154-B904-F93C936C040A} = {CE17BDA9-BBD1-428E-B5B6-6E68E97467C0}
		{81CB51C4-B434-4E12-B69B-BAEE102F2852} = {CE17BDA9-BBD1-428E-B5B6-6E68E97467C0}
		{AB424155-FBED-4D8D-B007-5B6CF93EA395} = {CE17BDA9-BBD1-428E-B5B6-6E68E97467C0}
		{A8EAC38E-C7DA-42F8-811D-77FD092B9D19} = {CE17BDA9-BBD1-428E-B5B6-6E68E97467C0}
		{DBAF2C53-3858-455D-A1AE-3FC093515314} = {CE17BDA9-BBD1-428E-B5B6-6E68E97467C0}
		{A410161F-AE9F-485D-A01F-5294891430A6} = {CE17BDA9-BBD1-428E-B5B6-6E68E97467C0}
		{D454C4C7-7765-4149-ABAD-05FDEB9D94F8} = {CE17BDA9-BBD1-428E-B5B6-6E68E97467C0}
		{27C5B1D5-69D0-405D-804F-0656C73F5A90} = {5097A845-B12C-4756-9E4D-2F88CF388B1F}
	EndGlobalSection
EndGlobal
