
Microsoft Visual Studio Solution File, Format Version 11.00
# Visual Studio 2010
Project("{4925A630-B079-445d-BCD4-3A9C94FE9307}") = "FQuake3.Utils", "src\FQuake3.Utils\FQuake3.Utils.fsproj", "{42876C02-ABF4-4EA5-9B0D-7ADC275D56AA}"
EndProject
Global
	GlobalSection(SolutionConfigurationPlatforms) = preSolution
		Debug|Any CPU = Debug|Any CPU
		Release|Any CPU = Release|Any CPU
	EndGlobalSection
	GlobalSection(ProjectConfigurationPlatforms) = postSolution
		{42876C02-ABF4-4EA5-9B0D-7ADC275D56AA}.Debug|Any CPU.ActiveCfg = Debug|Any CPU
		{42876C02-ABF4-4EA5-9B0D-7ADC275D56AA}.Debug|Any CPU.Build.0 = Debug|Any CPU
		{42876C02-ABF4-4EA5-9B0D-7ADC275D56AA}.Release|Any CPU.ActiveCfg = Release|Any CPU
		{42876C02-ABF4-4EA5-9B0D-7ADC275D56AA}.Release|Any CPU.Build.0 = Release|Any CPU
	EndGlobalSection
	GlobalSection(MonoDevelopProperties) = preSolution
		StartupItem = src\FQuake3.Utils\FQuake3.Utils.fsproj
	EndGlobalSection
EndGlobal
